
Microsoft Visual Studio Solution File, Format Version 12.00
# Visual Studio Version 17
VisualStudioVersion = 17.4.33205.214
MinimumVisualStudioVersion = 10.0.40219.1
Project("{9A19103F-16F7-4668-BE54-9A1E7A4F7556}") = "CS_FirstApp", "CS_FirstApp\CS_FirstApp.csproj", "{4DDE9081-0011-4557-80EE-AE4078759136}"
EndProject
Project("{2150E333-8FDC-42A3-9474-1A3956D46DE8}") = "Notes", "Notes", "{8FCA47F3-68A5-4D9B-8C58-D55063678BAF}"
	ProjectSection(SolutionItems) = preProject
		assignments.md = assignments.md
		oops.md = oops.md
		readme.md = readme.md
	EndProjectSection
EndProject
Project("{2150E333-8FDC-42A3-9474-1A3956D46DE8}") = "OOPsDemos", "OOPsDemos", "{D004E5E2-4D9A-4B21-8AEC-54C003581C19}"
EndProject
Project("{9A19103F-16F7-4668-BE54-9A1E7A4F7556}") = "CS_SimpleCalss", "CS_SimpleCalss\CS_SimpleCalss.csproj", "{E3A8F385-D864-4422-89CF-B77B26746AF4}"
EndProject
Project("{9A19103F-16F7-4668-BE54-9A1E7A4F7556}") = "CS_String", "CS_String\CS_String.csproj", "{30F9A7A0-5528-4CFA-B9BC-949FF2960874}"
EndProject
Project("{9A19103F-16F7-4668-BE54-9A1E7A4F7556}") = "CS_COllections", "CS_COllections\CS_COllections.csproj", "{1793831E-44BF-47F6-812F-8C49AA0DBBDA}"
EndProject
Project("{9A19103F-16F7-4668-BE54-9A1E7A4F7556}") = "CS_List", "CS_List\CS_List.csproj", "{0AC6B17A-BAEC-4AD1-9031-099A7C9BA5C8}"
EndProject
Project("{FAE04EC0-301F-11D3-BF4B-00C04F79EFBC}") = "CS_Abstraction_Encapsuation", "CS_Abstraction_Encapsuation\CS_Abstraction_Encapsuation.csproj", "{B4E1F717-9A8B-4880-8911-C8FDD1F36EED}"
EndProject
Project("{FAE04EC0-301F-11D3-BF4B-00C04F79EFBC}") = "CS_Inhertence", "CS_Inhertence\CS_Inhertence.csproj", "{008DE204-8B83-4BE0-9C46-C045BDE08783}"
EndProject
Project("{FAE04EC0-301F-11D3-BF4B-00C04F79EFBC}") = "CS_Polymorphism", "CS_Polymorphism\CS_Polymorphism.csproj", "{FBA9EEDB-5CCC-43F3-B100-682263AC1F7A}"
EndProject
Project("{FAE04EC0-301F-11D3-BF4B-00C04F79EFBC}") = "CS_Static", "CS_Static\CS_Static.csproj", "{706F6D1C-C25C-42E6-8B41-89DF4A0A53B2}"
EndProject
Global
	GlobalSection(SolutionConfigurationPlatforms) = preSolution
		Debug|Any CPU = Debug|Any CPU
		Release|Any CPU = Release|Any CPU
	EndGlobalSection
	GlobalSection(ProjectConfigurationPlatforms) = postSolution
		{4DDE9081-0011-4557-80EE-AE4078759136}.Debug|Any CPU.ActiveCfg = Debug|Any CPU
		{4DDE9081-0011-4557-80EE-AE4078759136}.Debug|Any CPU.Build.0 = Debug|Any CPU
		{4DDE9081-0011-4557-80EE-AE4078759136}.Release|Any CPU.ActiveCfg = Release|Any CPU
		{4DDE9081-0011-4557-80EE-AE4078759136}.Release|Any CPU.Build.0 = Release|Any CPU
		{E3A8F385-D864-4422-89CF-B77B26746AF4}.Debug|Any CPU.ActiveCfg = Debug|Any CPU
		{E3A8F385-D864-4422-89CF-B77B26746AF4}.Debug|Any CPU.Build.0 = Debug|Any CPU
		{E3A8F385-D864-4422-89CF-B77B26746AF4}.Release|Any CPU.ActiveCfg = Release|Any CPU
		{E3A8F385-D864-4422-89CF-B77B26746AF4}.Release|Any CPU.Build.0 = Release|Any CPU
		{30F9A7A0-5528-4CFA-B9BC-949FF2960874}.Debug|Any CPU.ActiveCfg = Debug|Any CPU
		{30F9A7A0-5528-4CFA-B9BC-949FF2960874}.Debug|Any CPU.Build.0 = Debug|Any CPU
		{30F9A7A0-5528-4CFA-B9BC-949FF2960874}.Release|Any CPU.ActiveCfg = Release|Any CPU
		{30F9A7A0-5528-4CFA-B9BC-949FF2960874}.Release|Any CPU.Build.0 = Release|Any CPU
		{1793831E-44BF-47F6-812F-8C49AA0DBBDA}.Debug|Any CPU.ActiveCfg = Debug|Any CPU
		{1793831E-44BF-47F6-812F-8C49AA0DBBDA}.Debug|Any CPU.Build.0 = Debug|Any CPU
		{1793831E-44BF-47F6-812F-8C49AA0DBBDA}.Release|Any CPU.ActiveCfg = Release|Any CPU
		{1793831E-44BF-47F6-812F-8C49AA0DBBDA}.Release|Any CPU.Build.0 = Release|Any CPU
		{0AC6B17A-BAEC-4AD1-9031-099A7C9BA5C8}.Debug|Any CPU.ActiveCfg = Debug|Any CPU
		{0AC6B17A-BAEC-4AD1-9031-099A7C9BA5C8}.Debug|Any CPU.Build.0 = Debug|Any CPU
		{0AC6B17A-BAEC-4AD1-9031-099A7C9BA5C8}.Release|Any CPU.ActiveCfg = Release|Any CPU
		{0AC6B17A-BAEC-4AD1-9031-099A7C9BA5C8}.Release|Any CPU.Build.0 = Release|Any CPU
		{B4E1F717-9A8B-4880-8911-C8FDD1F36EED}.Debug|Any CPU.ActiveCfg = Debug|Any CPU
		{B4E1F717-9A8B-4880-8911-C8FDD1F36EED}.Debug|Any CPU.Build.0 = Debug|Any CPU
		{B4E1F717-9A8B-4880-8911-C8FDD1F36EED}.Release|Any CPU.ActiveCfg = Release|Any CPU
		{B4E1F717-9A8B-4880-8911-C8FDD1F36EED}.Release|Any CPU.Build.0 = Release|Any CPU
		{008DE204-8B83-4BE0-9C46-C045BDE08783}.Debug|Any CPU.ActiveCfg = Debug|Any CPU
		{008DE204-8B83-4BE0-9C46-C045BDE08783}.Debug|Any CPU.Build.0 = Debug|Any CPU
		{008DE204-8B83-4BE0-9C46-C045BDE08783}.Release|Any CPU.ActiveCfg = Release|Any CPU
		{008DE204-8B83-4BE0-9C46-C045BDE08783}.Release|Any CPU.Build.0 = Release|Any CPU
		{FBA9EEDB-5CCC-43F3-B100-682263AC1F7A}.Debug|Any CPU.ActiveCfg = Debug|Any CPU
		{FBA9EEDB-5CCC-43F3-B100-682263AC1F7A}.Debug|Any CPU.Build.0 = Debug|Any CPU
		{FBA9EEDB-5CCC-43F3-B100-682263AC1F7A}.Release|Any CPU.ActiveCfg = Release|Any CPU
		{FBA9EEDB-5CCC-43F3-B100-682263AC1F7A}.Release|Any CPU.Build.0 = Release|Any CPU
		{706F6D1C-C25C-42E6-8B41-89DF4A0A53B2}.Debug|Any CPU.ActiveCfg = Debug|Any CPU
		{706F6D1C-C25C-42E6-8B41-89DF4A0A53B2}.Debug|Any CPU.Build.0 = Debug|Any CPU
		{706F6D1C-C25C-42E6-8B41-89DF4A0A53B2}.Release|Any CPU.ActiveCfg = Release|Any CPU
		{706F6D1C-C25C-42E6-8B41-89DF4A0A53B2}.Release|Any CPU.Build.0 = Release|Any CPU
	EndGlobalSection
	GlobalSection(SolutionProperties) = preSolution
		HideSolutionNode = FALSE
	EndGlobalSection
	GlobalSection(NestedProjects) = preSolution
		{E3A8F385-D864-4422-89CF-B77B26746AF4} = {D004E5E2-4D9A-4B21-8AEC-54C003581C19}
		{30F9A7A0-5528-4CFA-B9BC-949FF2960874} = {D004E5E2-4D9A-4B21-8AEC-54C003581C19}
		{1793831E-44BF-47F6-812F-8C49AA0DBBDA} = {D004E5E2-4D9A-4B21-8AEC-54C003581C19}
		{0AC6B17A-BAEC-4AD1-9031-099A7C9BA5C8} = {D004E5E2-4D9A-4B21-8AEC-54C003581C19}
		{B4E1F717-9A8B-4880-8911-C8FDD1F36EED} = {D004E5E2-4D9A-4B21-8AEC-54C003581C19}
		{008DE204-8B83-4BE0-9C46-C045BDE08783} = {D004E5E2-4D9A-4B21-8AEC-54C003581C19}
		{FBA9EEDB-5CCC-43F3-B100-682263AC1F7A} = {D004E5E2-4D9A-4B21-8AEC-54C003581C19}
		{706F6D1C-C25C-42E6-8B41-89DF4A0A53B2} = {D004E5E2-4D9A-4B21-8AEC-54C003581C19}
	EndGlobalSection
	GlobalSection(ExtensibilityGlobals) = postSolution
		SolutionGuid = {2D49A9CD-D56C-4A12-97C2-83A6637B9120}
	EndGlobalSection
EndGlobal
