
Microsoft Visual Studio Solution File, Format Version 12.00
# Visual Studio Version 17
VisualStudioVersion = 17.4.33205.214
MinimumVisualStudioVersion = 10.0.40219.1
Project("{9A19103F-16F7-4668-BE54-9A1E7A4F7556}") = "CS_FirstApp", "CS_FirstApp\CS_FirstApp.csproj", "{4DDE9081-0011-4557-80EE-AE4078759136}"
EndProject
Project("{2150E333-8FDC-42A3-9474-1A3956D46DE8}") = "Notes", "Notes", "{8FCA47F3-68A5-4D9B-8C58-D55063678BAF}"
	ProjectSection(SolutionItems) = preProject
		aspnt.md = aspnt.md
		assignments.md = assignments.md
		db.sql = db.sql
		dept.sql = dept.sql
		emp.sql = emp.sql
		..\..\..\Users\acer\OneDrive\New_Lab_Documents\ASPNET\ASPNETLab\HOL_1_StateManagement.pdf = ..\..\..\Users\acer\OneDrive\New_Lab_Documents\ASPNET\ASPNETLab\HOL_1_StateManagement.pdf
		..\..\..\Users\acer\OneDrive\New_Lab_Documents\ASPNET\ASPNETLab\HOL_2_UserControls_Custom_COntrols.pdf = ..\..\..\Users\acer\OneDrive\New_Lab_Documents\ASPNET\ASPNETLab\HOL_2_UserControls_Custom_COntrols.pdf
		..\..\..\Users\acer\OneDrive\New_Lab_Documents\ASPNET\ASPNETLab\HOL_3_Caching.pdf = ..\..\..\Users\acer\OneDrive\New_Lab_Documents\ASPNET\ASPNETLab\HOL_3_Caching.pdf
		..\..\..\Users\acer\OneDrive\New_Lab_Documents\ASPNET\ASPNETLab\HOL_4_Data_Access.pdf = ..\..\..\Users\acer\OneDrive\New_Lab_Documents\ASPNET\ASPNETLab\HOL_4_Data_Access.pdf
		..\..\..\Users\acer\OneDrive\New_Lab_Documents\ASPNET\ASPNETLab\HOL_5_Validation_Controls.pdf = ..\..\..\Users\acer\OneDrive\New_Lab_Documents\ASPNET\ASPNETLab\HOL_5_Validation_Controls.pdf
		oops.md = oops.md
		readme.md = readme.md
	EndProjectSection
EndProject
Project("{2150E333-8FDC-42A3-9474-1A3956D46DE8}") = "OOPsDemos", "OOPsDemos", "{D004E5E2-4D9A-4B21-8AEC-54C003581C19}"
EndProject
Project("{9A19103F-16F7-4668-BE54-9A1E7A4F7556}") = "CS_SimpleCalss", "CS_SimpleCalss\CS_SimpleCalss.csproj", "{E3A8F385-D864-4422-89CF-B77B26746AF4}"
EndProject
Project("{9A19103F-16F7-4668-BE54-9A1E7A4F7556}") = "CS_String", "CS_String\CS_String.csproj", "{30F9A7A0-5528-4CFA-B9BC-949FF2960874}"
EndProject
Project("{9A19103F-16F7-4668-BE54-9A1E7A4F7556}") = "CS_COllections", "CS_COllections\CS_COllections.csproj", "{1793831E-44BF-47F6-812F-8C49AA0DBBDA}"
EndProject
Project("{9A19103F-16F7-4668-BE54-9A1E7A4F7556}") = "CS_List", "CS_List\CS_List.csproj", "{0AC6B17A-BAEC-4AD1-9031-099A7C9BA5C8}"
EndProject
Project("{9A19103F-16F7-4668-BE54-9A1E7A4F7556}") = "CS_Abstraction_Encapsuation", "CS_Abstraction_Encapsuation\CS_Abstraction_Encapsuation.csproj", "{B4E1F717-9A8B-4880-8911-C8FDD1F36EED}"
EndProject
Project("{9A19103F-16F7-4668-BE54-9A1E7A4F7556}") = "CS_Inhertence", "CS_Inhertence\CS_Inhertence.csproj", "{008DE204-8B83-4BE0-9C46-C045BDE08783}"
EndProject
Project("{9A19103F-16F7-4668-BE54-9A1E7A4F7556}") = "CS_Polymorphism", "CS_Polymorphism\CS_Polymorphism.csproj", "{FBA9EEDB-5CCC-43F3-B100-682263AC1F7A}"
EndProject
Project("{9A19103F-16F7-4668-BE54-9A1E7A4F7556}") = "CS_Static", "CS_Static\CS_Static.csproj", "{706F6D1C-C25C-42E6-8B41-89DF4A0A53B2}"
EndProject
Project("{2150E333-8FDC-42A3-9474-1A3956D46DE8}") = "FUndamentals", "FUndamentals", "{BCAB6A56-7F7B-4AD9-B6E9-7F04EC436B1B}"
EndProject
Project("{9A19103F-16F7-4668-BE54-9A1E7A4F7556}") = "CS_Delegate", "CS_Delegate\CS_Delegate.csproj", "{20B8D41C-148D-40BD-A31B-39C5BDCAB439}"
EndProject
Project("{9A19103F-16F7-4668-BE54-9A1E7A4F7556}") = "CS_Event", "CS_Event\CS_Event.csproj", "{027C1CF0-380F-4DBE-A4DA-E69853770B69}"
EndProject
Project("{9A19103F-16F7-4668-BE54-9A1E7A4F7556}") = "CS_Interface", "CS_Interface\CS_Interface.csproj", "{03073D83-16A6-4BF4-ABB0-3DF5AB3FAE17}"
EndProject
Project("{9A19103F-16F7-4668-BE54-9A1E7A4F7556}") = "CS_Interface_Real_World", "CS_Interface_Real_World\CS_Interface_Real_World.csproj", "{49A0BA8B-A9CB-45D3-870A-C8CA3EBCF948}"
EndProject
Project("{9A19103F-16F7-4668-BE54-9A1E7A4F7556}") = "CS_Extension_Method", "CS_Extension_Method\CS_Extension_Method.csproj", "{EB733E2F-E1F7-462B-93CF-9998F6B6AA7D}"
EndProject
Project("{9A19103F-16F7-4668-BE54-9A1E7A4F7556}") = "CS_LINQ", "CS_LINQ\CS_LINQ.csproj", "{4C2E3C50-FA6B-46B1-9535-370DABB07EAF}"
EndProject
Project("{9A19103F-16F7-4668-BE54-9A1E7A4F7556}") = "CS_LINQ_Imperative", "CS_LINQ_Imperative\CS_LINQ_Imperative.csproj", "{0219336A-C650-4A8A-9333-39D817BC6B5C}"
EndProject
Project("{2150E333-8FDC-42A3-9474-1A3956D46DE8}") = "Solution Items", "Solution Items", "{DECDFCB5-CCFD-4754-A845-D4C9081AA1D6}"
	ProjectSection(SolutionItems) = preProject
		..\..\..\Coditas\NetEltp\LINQ_HOL.pdf = ..\..\..\Coditas\NetEltp\LINQ_HOL.pdf
	EndProjectSection
EndProject
Project("{9A19103F-16F7-4668-BE54-9A1E7A4F7556}") = "CS_Dictionary", "CS_Dictionary\CS_Dictionary.csproj", "{7BC3AB78-1C0A-4364-9833-26548CDCB823}"
EndProject
Project("{2150E333-8FDC-42A3-9474-1A3956D46DE8}") = "THhreadingApps", "THhreadingApps", "{CC62AE6C-C26E-4649-B5C9-73641488281B}"
EndProject
Project("{9A19103F-16F7-4668-BE54-9A1E7A4F7556}") = "CS_SimpleThreads", "CS_SimpleThreads\CS_SimpleThreads.csproj", "{7240B51E-E417-4271-8B31-22E5BC7ACC8B}"
EndProject
Project("{9A19103F-16F7-4668-BE54-9A1E7A4F7556}") = "CS_ThreadReturnVaue", "CS_ThreadReturnVaue\CS_ThreadReturnVaue.csproj", "{C57889CF-53C7-4C0A-9811-3B5454B49EAC}"
EndProject
Project("{2150E333-8FDC-42A3-9474-1A3956D46DE8}") = "TPLApps", "TPLApps", "{BF62ADC5-C8CB-44AD-834E-F9AF5CED6C0C}"
EndProject
Project("{9A19103F-16F7-4668-BE54-9A1E7A4F7556}") = "CS_Parallel", "CS_Parallel\CS_Parallel.csproj", "{D430D04B-D4DC-4158-8F45-E97F415787D2}"
EndProject
Project("{9A19103F-16F7-4668-BE54-9A1E7A4F7556}") = "CS_ParallelInvoke", "CS_ParallelInvoke\CS_ParallelInvoke.csproj", "{A6D6FA28-8115-4254-A48F-17931E045771}"
EndProject
Project("{9A19103F-16F7-4668-BE54-9A1E7A4F7556}") = "CS_SImpleTAsk", "CS_SImpleTAsk\CS_SImpleTAsk.csproj", "{CD7AA37F-FE99-490C-8DC1-48E6C71FC0C2}"
EndProject
Project("{9A19103F-16F7-4668-BE54-9A1E7A4F7556}") = "CS_AsyncDelegate", "CS_AsyncDelegate\CS_AsyncDelegate.csproj", "{99852A59-BD33-4F33-BF8F-CF57E381C7A7}"
EndProject
Project("{FAE04EC0-301F-11D3-BF4B-00C04F79EFBC}") = "CS_AsyncDelegate_Frwk", "CS_AsyncDelegate_Frwk\CS_AsyncDelegate_Frwk.csproj", "{C99686AC-76B6-48F5-8BA2-BE23ABEE66A4}"
EndProject
Project("{9A19103F-16F7-4668-BE54-9A1E7A4F7556}") = "CS_Task_Return", "CS_Task_Return\CS_Task_Return.csproj", "{572A76CC-EE17-4593-8FBE-542D8514242D}"
EndProject
Project("{9A19103F-16F7-4668-BE54-9A1E7A4F7556}") = "CS_Async_Await", "CS_Async_Await\CS_Async_Await.csproj", "{1FF153FE-B006-4D32-90D8-DBA2B25D8E64}"
EndProject
Project("{9A19103F-16F7-4668-BE54-9A1E7A4F7556}") = "CS_Task_Continue_ith", "CS_Task_Continue_ith\CS_Task_Continue_ith.csproj", "{02ED391D-D100-4C8D-A0D2-3093F1AFF8DF}"
EndProject
Project("{9A19103F-16F7-4668-BE54-9A1E7A4F7556}") = "CS_Members", "CS_Members\CS_Members.csproj", "{0D8E9D17-6A19-4CCA-91C7-8A979EEBD68E}"
EndProject
Project("{2150E333-8FDC-42A3-9474-1A3956D46DE8}") = "TuplesApp", "TuplesApp", "{A3793AA6-0923-43A7-8EB8-26D5D079480B}"
EndProject
Project("{9A19103F-16F7-4668-BE54-9A1E7A4F7556}") = "CS_Tuples_Class", "CS_Tuples_Class\CS_Tuples_Class.csproj", "{CB3BFF92-61B0-4583-861B-AB99A8A05FA3}"
EndProject
Project("{9A19103F-16F7-4668-BE54-9A1E7A4F7556}") = "CS_Objects", "CS_Objects\CS_Objects.csproj", "{0A1BCBB2-E72C-4DBF-8A07-DF8CE233CBB8}"
EndProject
Project("{2150E333-8FDC-42A3-9474-1A3956D46DE8}") = "DbProjects", "DbProjects", "{D79DCDAD-B298-4637-92B2-D7700B3EBF38}"
EndProject
Project("{9A19103F-16F7-4668-BE54-9A1E7A4F7556}") = "CD_ADONet_Conneted", "CD_ADONet_Conneted\CD_ADONet_Conneted.csproj", "{EC8CB96D-8C67-4AC2-8BE1-2B639D49E8CC}"
EndProject
Project("{9A19103F-16F7-4668-BE54-9A1E7A4F7556}") = "CS_Connected_App", "CS_Connected_App\CS_Connected_App.csproj", "{DE377A8F-004D-4BEA-87C2-7A3A02686536}"
EndProject
Project("{9A19103F-16F7-4668-BE54-9A1E7A4F7556}") = "CS_App_Dev_STandards", "CS_App_Dev_STandards\CS_App_Dev_STandards.csproj", "{6D626DCC-7ED0-4CA1-8376-B079CCF425E4}"
EndProject
Project("{9A19103F-16F7-4668-BE54-9A1E7A4F7556}") = "CS_Disconnected", "CS_Disconnected\CS_Disconnected.csproj", "{B8D5A6CC-F5A7-4FE0-A280-7186A652863F}"
EndProject
Project("{2150E333-8FDC-42A3-9474-1A3956D46DE8}") = "WebApps", "WebApps", "{606FC91B-C98E-4C1B-8024-4EEF7B81BCCA}"
EndProject
Project("{FAE04EC0-301F-11D3-BF4B-00C04F79EFBC}") = "ASPNET_WebApp", "ASPNET_WebApp\ASPNET_WebApp.csproj", "{6B531C6A-4D3E-466B-8BE5-01B3C8157FE7}"
EndProject
Project("{FAE04EC0-301F-11D3-BF4B-00C04F79EFBC}") = "Application.DataAccess", "Application.DataAccess\Application.DataAccess.csproj", "{6D809401-A8B4-43DC-A54D-BC48394FBACB}"
EndProject
Global
	GlobalSection(SolutionConfigurationPlatforms) = preSolution
		Debug|Any CPU = Debug|Any CPU
		Release|Any CPU = Release|Any CPU
	EndGlobalSection
	GlobalSection(ProjectConfigurationPlatforms) = postSolution
		{4DDE9081-0011-4557-80EE-AE4078759136}.Debug|Any CPU.ActiveCfg = Debug|Any CPU
		{4DDE9081-0011-4557-80EE-AE4078759136}.Debug|Any CPU.Build.0 = Debug|Any CPU
		{4DDE9081-0011-4557-80EE-AE4078759136}.Release|Any CPU.ActiveCfg = Release|Any CPU
		{4DDE9081-0011-4557-80EE-AE4078759136}.Release|Any CPU.Build.0 = Release|Any CPU
		{E3A8F385-D864-4422-89CF-B77B26746AF4}.Debug|Any CPU.ActiveCfg = Debug|Any CPU
		{E3A8F385-D864-4422-89CF-B77B26746AF4}.Debug|Any CPU.Build.0 = Debug|Any CPU
		{E3A8F385-D864-4422-89CF-B77B26746AF4}.Release|Any CPU.ActiveCfg = Release|Any CPU
		{E3A8F385-D864-4422-89CF-B77B26746AF4}.Release|Any CPU.Build.0 = Release|Any CPU
		{30F9A7A0-5528-4CFA-B9BC-949FF2960874}.Debug|Any CPU.ActiveCfg = Debug|Any CPU
		{30F9A7A0-5528-4CFA-B9BC-949FF2960874}.Debug|Any CPU.Build.0 = Debug|Any CPU
		{30F9A7A0-5528-4CFA-B9BC-949FF2960874}.Release|Any CPU.ActiveCfg = Release|Any CPU
		{30F9A7A0-5528-4CFA-B9BC-949FF2960874}.Release|Any CPU.Build.0 = Release|Any CPU
		{1793831E-44BF-47F6-812F-8C49AA0DBBDA}.Debug|Any CPU.ActiveCfg = Debug|Any CPU
		{1793831E-44BF-47F6-812F-8C49AA0DBBDA}.Debug|Any CPU.Build.0 = Debug|Any CPU
		{1793831E-44BF-47F6-812F-8C49AA0DBBDA}.Release|Any CPU.ActiveCfg = Release|Any CPU
		{1793831E-44BF-47F6-812F-8C49AA0DBBDA}.Release|Any CPU.Build.0 = Release|Any CPU
		{0AC6B17A-BAEC-4AD1-9031-099A7C9BA5C8}.Debug|Any CPU.ActiveCfg = Debug|Any CPU
		{0AC6B17A-BAEC-4AD1-9031-099A7C9BA5C8}.Debug|Any CPU.Build.0 = Debug|Any CPU
		{0AC6B17A-BAEC-4AD1-9031-099A7C9BA5C8}.Release|Any CPU.ActiveCfg = Release|Any CPU
		{0AC6B17A-BAEC-4AD1-9031-099A7C9BA5C8}.Release|Any CPU.Build.0 = Release|Any CPU
		{B4E1F717-9A8B-4880-8911-C8FDD1F36EED}.Debug|Any CPU.ActiveCfg = Debug|Any CPU
		{B4E1F717-9A8B-4880-8911-C8FDD1F36EED}.Debug|Any CPU.Build.0 = Debug|Any CPU
		{B4E1F717-9A8B-4880-8911-C8FDD1F36EED}.Release|Any CPU.ActiveCfg = Release|Any CPU
		{B4E1F717-9A8B-4880-8911-C8FDD1F36EED}.Release|Any CPU.Build.0 = Release|Any CPU
		{008DE204-8B83-4BE0-9C46-C045BDE08783}.Debug|Any CPU.ActiveCfg = Debug|Any CPU
		{008DE204-8B83-4BE0-9C46-C045BDE08783}.Debug|Any CPU.Build.0 = Debug|Any CPU
		{008DE204-8B83-4BE0-9C46-C045BDE08783}.Release|Any CPU.ActiveCfg = Release|Any CPU
		{008DE204-8B83-4BE0-9C46-C045BDE08783}.Release|Any CPU.Build.0 = Release|Any CPU
		{FBA9EEDB-5CCC-43F3-B100-682263AC1F7A}.Debug|Any CPU.ActiveCfg = Debug|Any CPU
		{FBA9EEDB-5CCC-43F3-B100-682263AC1F7A}.Debug|Any CPU.Build.0 = Debug|Any CPU
		{FBA9EEDB-5CCC-43F3-B100-682263AC1F7A}.Release|Any CPU.ActiveCfg = Release|Any CPU
		{FBA9EEDB-5CCC-43F3-B100-682263AC1F7A}.Release|Any CPU.Build.0 = Release|Any CPU
		{706F6D1C-C25C-42E6-8B41-89DF4A0A53B2}.Debug|Any CPU.ActiveCfg = Debug|Any CPU
		{706F6D1C-C25C-42E6-8B41-89DF4A0A53B2}.Debug|Any CPU.Build.0 = Debug|Any CPU
		{706F6D1C-C25C-42E6-8B41-89DF4A0A53B2}.Release|Any CPU.ActiveCfg = Release|Any CPU
		{706F6D1C-C25C-42E6-8B41-89DF4A0A53B2}.Release|Any CPU.Build.0 = Release|Any CPU
		{20B8D41C-148D-40BD-A31B-39C5BDCAB439}.Debug|Any CPU.ActiveCfg = Debug|Any CPU
		{20B8D41C-148D-40BD-A31B-39C5BDCAB439}.Debug|Any CPU.Build.0 = Debug|Any CPU
		{20B8D41C-148D-40BD-A31B-39C5BDCAB439}.Release|Any CPU.ActiveCfg = Release|Any CPU
		{20B8D41C-148D-40BD-A31B-39C5BDCAB439}.Release|Any CPU.Build.0 = Release|Any CPU
		{027C1CF0-380F-4DBE-A4DA-E69853770B69}.Debug|Any CPU.ActiveCfg = Debug|Any CPU
		{027C1CF0-380F-4DBE-A4DA-E69853770B69}.Debug|Any CPU.Build.0 = Debug|Any CPU
		{027C1CF0-380F-4DBE-A4DA-E69853770B69}.Release|Any CPU.ActiveCfg = Release|Any CPU
		{027C1CF0-380F-4DBE-A4DA-E69853770B69}.Release|Any CPU.Build.0 = Release|Any CPU
		{03073D83-16A6-4BF4-ABB0-3DF5AB3FAE17}.Debug|Any CPU.ActiveCfg = Debug|Any CPU
		{03073D83-16A6-4BF4-ABB0-3DF5AB3FAE17}.Debug|Any CPU.Build.0 = Debug|Any CPU
		{03073D83-16A6-4BF4-ABB0-3DF5AB3FAE17}.Release|Any CPU.ActiveCfg = Release|Any CPU
		{03073D83-16A6-4BF4-ABB0-3DF5AB3FAE17}.Release|Any CPU.Build.0 = Release|Any CPU
		{49A0BA8B-A9CB-45D3-870A-C8CA3EBCF948}.Debug|Any CPU.ActiveCfg = Debug|Any CPU
		{49A0BA8B-A9CB-45D3-870A-C8CA3EBCF948}.Debug|Any CPU.Build.0 = Debug|Any CPU
		{49A0BA8B-A9CB-45D3-870A-C8CA3EBCF948}.Release|Any CPU.ActiveCfg = Release|Any CPU
		{49A0BA8B-A9CB-45D3-870A-C8CA3EBCF948}.Release|Any CPU.Build.0 = Release|Any CPU
		{EB733E2F-E1F7-462B-93CF-9998F6B6AA7D}.Debug|Any CPU.ActiveCfg = Debug|Any CPU
		{EB733E2F-E1F7-462B-93CF-9998F6B6AA7D}.Debug|Any CPU.Build.0 = Debug|Any CPU
		{EB733E2F-E1F7-462B-93CF-9998F6B6AA7D}.Release|Any CPU.ActiveCfg = Release|Any CPU
		{EB733E2F-E1F7-462B-93CF-9998F6B6AA7D}.Release|Any CPU.Build.0 = Release|Any CPU
		{4C2E3C50-FA6B-46B1-9535-370DABB07EAF}.Debug|Any CPU.ActiveCfg = Debug|Any CPU
		{4C2E3C50-FA6B-46B1-9535-370DABB07EAF}.Debug|Any CPU.Build.0 = Debug|Any CPU
		{4C2E3C50-FA6B-46B1-9535-370DABB07EAF}.Release|Any CPU.ActiveCfg = Release|Any CPU
		{4C2E3C50-FA6B-46B1-9535-370DABB07EAF}.Release|Any CPU.Build.0 = Release|Any CPU
		{0219336A-C650-4A8A-9333-39D817BC6B5C}.Debug|Any CPU.ActiveCfg = Debug|Any CPU
		{0219336A-C650-4A8A-9333-39D817BC6B5C}.Debug|Any CPU.Build.0 = Debug|Any CPU
		{0219336A-C650-4A8A-9333-39D817BC6B5C}.Release|Any CPU.ActiveCfg = Release|Any CPU
		{0219336A-C650-4A8A-9333-39D817BC6B5C}.Release|Any CPU.Build.0 = Release|Any CPU
		{7BC3AB78-1C0A-4364-9833-26548CDCB823}.Debug|Any CPU.ActiveCfg = Debug|Any CPU
		{7BC3AB78-1C0A-4364-9833-26548CDCB823}.Debug|Any CPU.Build.0 = Debug|Any CPU
		{7BC3AB78-1C0A-4364-9833-26548CDCB823}.Release|Any CPU.ActiveCfg = Release|Any CPU
		{7BC3AB78-1C0A-4364-9833-26548CDCB823}.Release|Any CPU.Build.0 = Release|Any CPU
		{7240B51E-E417-4271-8B31-22E5BC7ACC8B}.Debug|Any CPU.ActiveCfg = Debug|Any CPU
		{7240B51E-E417-4271-8B31-22E5BC7ACC8B}.Debug|Any CPU.Build.0 = Debug|Any CPU
		{7240B51E-E417-4271-8B31-22E5BC7ACC8B}.Release|Any CPU.ActiveCfg = Release|Any CPU
		{7240B51E-E417-4271-8B31-22E5BC7ACC8B}.Release|Any CPU.Build.0 = Release|Any CPU
		{C57889CF-53C7-4C0A-9811-3B5454B49EAC}.Debug|Any CPU.ActiveCfg = Debug|Any CPU
		{C57889CF-53C7-4C0A-9811-3B5454B49EAC}.Debug|Any CPU.Build.0 = Debug|Any CPU
		{C57889CF-53C7-4C0A-9811-3B5454B49EAC}.Release|Any CPU.ActiveCfg = Release|Any CPU
		{C57889CF-53C7-4C0A-9811-3B5454B49EAC}.Release|Any CPU.Build.0 = Release|Any CPU
		{D430D04B-D4DC-4158-8F45-E97F415787D2}.Debug|Any CPU.ActiveCfg = Debug|Any CPU
		{D430D04B-D4DC-4158-8F45-E97F415787D2}.Debug|Any CPU.Build.0 = Debug|Any CPU
		{D430D04B-D4DC-4158-8F45-E97F415787D2}.Release|Any CPU.ActiveCfg = Release|Any CPU
		{D430D04B-D4DC-4158-8F45-E97F415787D2}.Release|Any CPU.Build.0 = Release|Any CPU
		{A6D6FA28-8115-4254-A48F-17931E045771}.Debug|Any CPU.ActiveCfg = Debug|Any CPU
		{A6D6FA28-8115-4254-A48F-17931E045771}.Debug|Any CPU.Build.0 = Debug|Any CPU
		{A6D6FA28-8115-4254-A48F-17931E045771}.Release|Any CPU.ActiveCfg = Release|Any CPU
		{A6D6FA28-8115-4254-A48F-17931E045771}.Release|Any CPU.Build.0 = Release|Any CPU
		{CD7AA37F-FE99-490C-8DC1-48E6C71FC0C2}.Debug|Any CPU.ActiveCfg = Debug|Any CPU
		{CD7AA37F-FE99-490C-8DC1-48E6C71FC0C2}.Debug|Any CPU.Build.0 = Debug|Any CPU
		{CD7AA37F-FE99-490C-8DC1-48E6C71FC0C2}.Release|Any CPU.ActiveCfg = Release|Any CPU
		{CD7AA37F-FE99-490C-8DC1-48E6C71FC0C2}.Release|Any CPU.Build.0 = Release|Any CPU
		{99852A59-BD33-4F33-BF8F-CF57E381C7A7}.Debug|Any CPU.ActiveCfg = Debug|Any CPU
		{99852A59-BD33-4F33-BF8F-CF57E381C7A7}.Debug|Any CPU.Build.0 = Debug|Any CPU
		{99852A59-BD33-4F33-BF8F-CF57E381C7A7}.Release|Any CPU.ActiveCfg = Release|Any CPU
		{99852A59-BD33-4F33-BF8F-CF57E381C7A7}.Release|Any CPU.Build.0 = Release|Any CPU
		{C99686AC-76B6-48F5-8BA2-BE23ABEE66A4}.Debug|Any CPU.ActiveCfg = Debug|Any CPU
		{C99686AC-76B6-48F5-8BA2-BE23ABEE66A4}.Debug|Any CPU.Build.0 = Debug|Any CPU
		{C99686AC-76B6-48F5-8BA2-BE23ABEE66A4}.Release|Any CPU.ActiveCfg = Release|Any CPU
		{C99686AC-76B6-48F5-8BA2-BE23ABEE66A4}.Release|Any CPU.Build.0 = Release|Any CPU
		{572A76CC-EE17-4593-8FBE-542D8514242D}.Debug|Any CPU.ActiveCfg = Debug|Any CPU
		{572A76CC-EE17-4593-8FBE-542D8514242D}.Debug|Any CPU.Build.0 = Debug|Any CPU
		{572A76CC-EE17-4593-8FBE-542D8514242D}.Release|Any CPU.ActiveCfg = Release|Any CPU
		{572A76CC-EE17-4593-8FBE-542D8514242D}.Release|Any CPU.Build.0 = Release|Any CPU
		{1FF153FE-B006-4D32-90D8-DBA2B25D8E64}.Debug|Any CPU.ActiveCfg = Debug|Any CPU
		{1FF153FE-B006-4D32-90D8-DBA2B25D8E64}.Debug|Any CPU.Build.0 = Debug|Any CPU
		{1FF153FE-B006-4D32-90D8-DBA2B25D8E64}.Release|Any CPU.ActiveCfg = Release|Any CPU
		{1FF153FE-B006-4D32-90D8-DBA2B25D8E64}.Release|Any CPU.Build.0 = Release|Any CPU
		{02ED391D-D100-4C8D-A0D2-3093F1AFF8DF}.Debug|Any CPU.ActiveCfg = Debug|Any CPU
		{02ED391D-D100-4C8D-A0D2-3093F1AFF8DF}.Debug|Any CPU.Build.0 = Debug|Any CPU
		{02ED391D-D100-4C8D-A0D2-3093F1AFF8DF}.Release|Any CPU.ActiveCfg = Release|Any CPU
		{02ED391D-D100-4C8D-A0D2-3093F1AFF8DF}.Release|Any CPU.Build.0 = Release|Any CPU
		{0D8E9D17-6A19-4CCA-91C7-8A979EEBD68E}.Debug|Any CPU.ActiveCfg = Debug|Any CPU
		{0D8E9D17-6A19-4CCA-91C7-8A979EEBD68E}.Debug|Any CPU.Build.0 = Debug|Any CPU
		{0D8E9D17-6A19-4CCA-91C7-8A979EEBD68E}.Release|Any CPU.ActiveCfg = Release|Any CPU
		{0D8E9D17-6A19-4CCA-91C7-8A979EEBD68E}.Release|Any CPU.Build.0 = Release|Any CPU
		{CB3BFF92-61B0-4583-861B-AB99A8A05FA3}.Debug|Any CPU.ActiveCfg = Debug|Any CPU
		{CB3BFF92-61B0-4583-861B-AB99A8A05FA3}.Debug|Any CPU.Build.0 = Debug|Any CPU
		{CB3BFF92-61B0-4583-861B-AB99A8A05FA3}.Release|Any CPU.ActiveCfg = Release|Any CPU
		{CB3BFF92-61B0-4583-861B-AB99A8A05FA3}.Release|Any CPU.Build.0 = Release|Any CPU
		{0A1BCBB2-E72C-4DBF-8A07-DF8CE233CBB8}.Debug|Any CPU.ActiveCfg = Debug|Any CPU
		{0A1BCBB2-E72C-4DBF-8A07-DF8CE233CBB8}.Debug|Any CPU.Build.0 = Debug|Any CPU
		{0A1BCBB2-E72C-4DBF-8A07-DF8CE233CBB8}.Release|Any CPU.ActiveCfg = Release|Any CPU
		{0A1BCBB2-E72C-4DBF-8A07-DF8CE233CBB8}.Release|Any CPU.Build.0 = Release|Any CPU
		{EC8CB96D-8C67-4AC2-8BE1-2B639D49E8CC}.Debug|Any CPU.ActiveCfg = Debug|Any CPU
		{EC8CB96D-8C67-4AC2-8BE1-2B639D49E8CC}.Debug|Any CPU.Build.0 = Debug|Any CPU
		{EC8CB96D-8C67-4AC2-8BE1-2B639D49E8CC}.Release|Any CPU.ActiveCfg = Release|Any CPU
		{EC8CB96D-8C67-4AC2-8BE1-2B639D49E8CC}.Release|Any CPU.Build.0 = Release|Any CPU
		{DE377A8F-004D-4BEA-87C2-7A3A02686536}.Debug|Any CPU.ActiveCfg = Debug|Any CPU
		{DE377A8F-004D-4BEA-87C2-7A3A02686536}.Debug|Any CPU.Build.0 = Debug|Any CPU
		{DE377A8F-004D-4BEA-87C2-7A3A02686536}.Release|Any CPU.ActiveCfg = Release|Any CPU
		{DE377A8F-004D-4BEA-87C2-7A3A02686536}.Release|Any CPU.Build.0 = Release|Any CPU
		{6D626DCC-7ED0-4CA1-8376-B079CCF425E4}.Debug|Any CPU.ActiveCfg = Debug|Any CPU
		{6D626DCC-7ED0-4CA1-8376-B079CCF425E4}.Debug|Any CPU.Build.0 = Debug|Any CPU
		{6D626DCC-7ED0-4CA1-8376-B079CCF425E4}.Release|Any CPU.ActiveCfg = Release|Any CPU
		{6D626DCC-7ED0-4CA1-8376-B079CCF425E4}.Release|Any CPU.Build.0 = Release|Any CPU
		{B8D5A6CC-F5A7-4FE0-A280-7186A652863F}.Debug|Any CPU.ActiveCfg = Debug|Any CPU
		{B8D5A6CC-F5A7-4FE0-A280-7186A652863F}.Debug|Any CPU.Build.0 = Debug|Any CPU
		{B8D5A6CC-F5A7-4FE0-A280-7186A652863F}.Release|Any CPU.ActiveCfg = Release|Any CPU
		{B8D5A6CC-F5A7-4FE0-A280-7186A652863F}.Release|Any CPU.Build.0 = Release|Any CPU
		{6B531C6A-4D3E-466B-8BE5-01B3C8157FE7}.Debug|Any CPU.ActiveCfg = Debug|Any CPU
		{6B531C6A-4D3E-466B-8BE5-01B3C8157FE7}.Debug|Any CPU.Build.0 = Debug|Any CPU
		{6B531C6A-4D3E-466B-8BE5-01B3C8157FE7}.Release|Any CPU.ActiveCfg = Release|Any CPU
		{6B531C6A-4D3E-466B-8BE5-01B3C8157FE7}.Release|Any CPU.Build.0 = Release|Any CPU
		{6D809401-A8B4-43DC-A54D-BC48394FBACB}.Debug|Any CPU.ActiveCfg = Debug|Any CPU
		{6D809401-A8B4-43DC-A54D-BC48394FBACB}.Debug|Any CPU.Build.0 = Debug|Any CPU
		{6D809401-A8B4-43DC-A54D-BC48394FBACB}.Release|Any CPU.ActiveCfg = Release|Any CPU
		{6D809401-A8B4-43DC-A54D-BC48394FBACB}.Release|Any CPU.Build.0 = Release|Any CPU
	EndGlobalSection
	GlobalSection(SolutionProperties) = preSolution
		HideSolutionNode = FALSE
	EndGlobalSection
	GlobalSection(NestedProjects) = preSolution
		{E3A8F385-D864-4422-89CF-B77B26746AF4} = {D004E5E2-4D9A-4B21-8AEC-54C003581C19}
		{30F9A7A0-5528-4CFA-B9BC-949FF2960874} = {D004E5E2-4D9A-4B21-8AEC-54C003581C19}
		{1793831E-44BF-47F6-812F-8C49AA0DBBDA} = {D004E5E2-4D9A-4B21-8AEC-54C003581C19}
		{0AC6B17A-BAEC-4AD1-9031-099A7C9BA5C8} = {D004E5E2-4D9A-4B21-8AEC-54C003581C19}
		{B4E1F717-9A8B-4880-8911-C8FDD1F36EED} = {D004E5E2-4D9A-4B21-8AEC-54C003581C19}
		{008DE204-8B83-4BE0-9C46-C045BDE08783} = {D004E5E2-4D9A-4B21-8AEC-54C003581C19}
		{FBA9EEDB-5CCC-43F3-B100-682263AC1F7A} = {D004E5E2-4D9A-4B21-8AEC-54C003581C19}
		{706F6D1C-C25C-42E6-8B41-89DF4A0A53B2} = {D004E5E2-4D9A-4B21-8AEC-54C003581C19}
		{20B8D41C-148D-40BD-A31B-39C5BDCAB439} = {BCAB6A56-7F7B-4AD9-B6E9-7F04EC436B1B}
		{027C1CF0-380F-4DBE-A4DA-E69853770B69} = {BCAB6A56-7F7B-4AD9-B6E9-7F04EC436B1B}
		{03073D83-16A6-4BF4-ABB0-3DF5AB3FAE17} = {D004E5E2-4D9A-4B21-8AEC-54C003581C19}
		{49A0BA8B-A9CB-45D3-870A-C8CA3EBCF948} = {D004E5E2-4D9A-4B21-8AEC-54C003581C19}
		{EB733E2F-E1F7-462B-93CF-9998F6B6AA7D} = {BCAB6A56-7F7B-4AD9-B6E9-7F04EC436B1B}
		{7240B51E-E417-4271-8B31-22E5BC7ACC8B} = {CC62AE6C-C26E-4649-B5C9-73641488281B}
		{C57889CF-53C7-4C0A-9811-3B5454B49EAC} = {CC62AE6C-C26E-4649-B5C9-73641488281B}
		{D430D04B-D4DC-4158-8F45-E97F415787D2} = {BF62ADC5-C8CB-44AD-834E-F9AF5CED6C0C}
		{A6D6FA28-8115-4254-A48F-17931E045771} = {BF62ADC5-C8CB-44AD-834E-F9AF5CED6C0C}
		{CD7AA37F-FE99-490C-8DC1-48E6C71FC0C2} = {BF62ADC5-C8CB-44AD-834E-F9AF5CED6C0C}
		{99852A59-BD33-4F33-BF8F-CF57E381C7A7} = {BCAB6A56-7F7B-4AD9-B6E9-7F04EC436B1B}
		{C99686AC-76B6-48F5-8BA2-BE23ABEE66A4} = {BCAB6A56-7F7B-4AD9-B6E9-7F04EC436B1B}
		{572A76CC-EE17-4593-8FBE-542D8514242D} = {BF62ADC5-C8CB-44AD-834E-F9AF5CED6C0C}
		{1FF153FE-B006-4D32-90D8-DBA2B25D8E64} = {BF62ADC5-C8CB-44AD-834E-F9AF5CED6C0C}
		{02ED391D-D100-4C8D-A0D2-3093F1AFF8DF} = {BF62ADC5-C8CB-44AD-834E-F9AF5CED6C0C}
		{0D8E9D17-6A19-4CCA-91C7-8A979EEBD68E} = {BCAB6A56-7F7B-4AD9-B6E9-7F04EC436B1B}
		{CB3BFF92-61B0-4583-861B-AB99A8A05FA3} = {A3793AA6-0923-43A7-8EB8-26D5D079480B}
		{0A1BCBB2-E72C-4DBF-8A07-DF8CE233CBB8} = {BCAB6A56-7F7B-4AD9-B6E9-7F04EC436B1B}
		{EC8CB96D-8C67-4AC2-8BE1-2B639D49E8CC} = {D79DCDAD-B298-4637-92B2-D7700B3EBF38}
		{DE377A8F-004D-4BEA-87C2-7A3A02686536} = {D79DCDAD-B298-4637-92B2-D7700B3EBF38}
		{6D626DCC-7ED0-4CA1-8376-B079CCF425E4} = {D79DCDAD-B298-4637-92B2-D7700B3EBF38}
		{B8D5A6CC-F5A7-4FE0-A280-7186A652863F} = {D79DCDAD-B298-4637-92B2-D7700B3EBF38}
		{6B531C6A-4D3E-466B-8BE5-01B3C8157FE7} = {606FC91B-C98E-4C1B-8024-4EEF7B81BCCA}
		{6D809401-A8B4-43DC-A54D-BC48394FBACB} = {606FC91B-C98E-4C1B-8024-4EEF7B81BCCA}
	EndGlobalSection
	GlobalSection(ExtensibilityGlobals) = postSolution
		SolutionGuid = {2D49A9CD-D56C-4A12-97C2-83A6637B9120}
	EndGlobalSection
EndGlobal
